# This file is automatically @generated by Cargo.
# It is not intended for manual editing.
[[package]]
name = "day19"
version = "0.1.0"
dependencies = [
 "scan_fmt",
]

[[package]]
name = "scan_fmt"
version = "0.2.5"
source = "registry+https://github.com/rust-lang/crates.io-index"
checksum = "248286eec0f55678879ef1caec3d76276643ebcb5460d8cb6e732ef40f50aabe"
